
Microsoft Visual Studio Solution File, Format Version 12.00
# Visual Studio Version 17
VisualStudioVersion = 17.7.34031.279
MinimumVisualStudioVersion = 10.0.40219.1
Project("{FAE04EC0-301F-11D3-BF4B-00C04F79EFBC}") = "CAEnumeratorEnumerable", "CAEnumeratorEnumerable.csproj", "{EE476BB0-237D-494B-82F3-117FF541E215}"
EndProject
Global
	GlobalSection(SolutionConfigurationPlatforms) = preSolution
		Debug|Any CPU = Debug|Any CPU
		Release|Any CPU = Release|Any CPU
	EndGlobalSection
	GlobalSection(ProjectConfigurationPlatforms) = postSolution
		{EE476BB0-237D-494B-82F3-117FF541E215}.Debug|Any CPU.ActiveCfg = Debug|Any CPU
		{EE476BB0-237D-494B-82F3-117FF541E215}.Debug|Any CPU.Build.0 = Debug|Any CPU
		{EE476BB0-237D-494B-82F3-117FF541E215}.Release|Any CPU.ActiveCfg = Release|Any CPU
		{EE476BB0-237D-494B-82F3-117FF541E215}.Release|Any CPU.Build.0 = Release|Any CPU
	EndGlobalSection
	GlobalSection(SolutionProperties) = preSolution
		HideSolutionNode = FALSE
	EndGlobalSection
	GlobalSection(ExtensibilityGlobals) = postSolution
		SolutionGuid = {A5FE139B-7D11-4494-A7C2-351B24D16ADC}
	EndGlobalSection
EndGlobal
